// !$*UTF8*$!
{
	archiveVersion = 1;
	classes = {
	};
	objectVersion = 50;
	objects = {

/* Begin PBXBuildFile section */
		15F6E89AD5C1F667A667C8B7 /* Pods_Today.framework in Frameworks */ = {isa = PBXBuildFile; fileRef = 79B25D6CF3E58951FD94784B /* Pods_Today.framework */; };
		3EAB352F22FBDE9B002F984F /* SwipeTableViewController.swift in Sources */ = {isa = PBXBuildFile; fileRef = 3EAB352E22FBDE9B002F984F /* SwipeTableViewController.swift */; };
		3EC3833B22F8159E00E94C87 /* CategoryViewController.swift in Sources */ = {isa = PBXBuildFile; fileRef = 3EC3833A22F8159E00E94C87 /* CategoryViewController.swift */; };
		3EC3833D22F815AD00E94C87 /* ItemSearchBarController.swift in Sources */ = {isa = PBXBuildFile; fileRef = 3EC3833C22F815AD00E94C87 /* ItemSearchBarController.swift */; };
		3EC3833F22F815B900E94C87 /* CategorySearchBarController.swift in Sources */ = {isa = PBXBuildFile; fileRef = 3EC3833E22F815B900E94C87 /* CategorySearchBarController.swift */; };
		3EDCD9AE22E7EDD40026362B /* AppDelegate.swift in Sources */ = {isa = PBXBuildFile; fileRef = 3EDCD9AD22E7EDD40026362B /* AppDelegate.swift */; };
		3EDCD9B022E7EDD40026362B /* TodoListViewController.swift in Sources */ = {isa = PBXBuildFile; fileRef = 3EDCD9AF22E7EDD40026362B /* TodoListViewController.swift */; };
		3EDCD9B322E7EDD40026362B /* Main.storyboard in Resources */ = {isa = PBXBuildFile; fileRef = 3EDCD9B122E7EDD40026362B /* Main.storyboard */; };
		3EDCD9B522E7EDD50026362B /* Assets.xcassets in Resources */ = {isa = PBXBuildFile; fileRef = 3EDCD9B422E7EDD50026362B /* Assets.xcassets */; };
		3EDCD9B822E7EDD50026362B /* LaunchScreen.storyboard in Resources */ = {isa = PBXBuildFile; fileRef = 3EDCD9B622E7EDD50026362B /* LaunchScreen.storyboard */; };
		3EF9D61F22FA8071001DCF13 /* Item.swift in Sources */ = {isa = PBXBuildFile; fileRef = 3EF9D61E22FA8071001DCF13 /* Item.swift */; };
		3EF9D62122FA8085001DCF13 /* Category.swift in Sources */ = {isa = PBXBuildFile; fileRef = 3EF9D62022FA8085001DCF13 /* Category.swift */; };
/* End PBXBuildFile section */

/* Begin PBXFileReference section */
		3EAB352E22FBDE9B002F984F /* SwipeTableViewController.swift */ = {isa = PBXFileReference; lastKnownFileType = sourcecode.swift; path = SwipeTableViewController.swift; sourceTree = "<group>"; };
		3EC3833A22F8159E00E94C87 /* CategoryViewController.swift */ = {isa = PBXFileReference; lastKnownFileType = sourcecode.swift; path = CategoryViewController.swift; sourceTree = "<group>"; };
		3EC3833C22F815AD00E94C87 /* ItemSearchBarController.swift */ = {isa = PBXFileReference; lastKnownFileType = sourcecode.swift; path = ItemSearchBarController.swift; sourceTree = "<group>"; };
		3EC3833E22F815B900E94C87 /* CategorySearchBarController.swift */ = {isa = PBXFileReference; lastKnownFileType = sourcecode.swift; path = CategorySearchBarController.swift; sourceTree = "<group>"; };
		3EDCD9AA22E7EDD40026362B /* Today.app */ = {isa = PBXFileReference; explicitFileType = wrapper.application; includeInIndex = 0; path = Today.app; sourceTree = BUILT_PRODUCTS_DIR; };
		3EDCD9AD22E7EDD40026362B /* AppDelegate.swift */ = {isa = PBXFileReference; lastKnownFileType = sourcecode.swift; path = AppDelegate.swift; sourceTree = "<group>"; };
		3EDCD9AF22E7EDD40026362B /* TodoListViewController.swift */ = {isa = PBXFileReference; lastKnownFileType = sourcecode.swift; path = TodoListViewController.swift; sourceTree = "<group>"; };
		3EDCD9B222E7EDD40026362B /* Base */ = {isa = PBXFileReference; lastKnownFileType = file.storyboard; name = Base; path = Base.lproj/Main.storyboard; sourceTree = "<group>"; };
		3EDCD9B422E7EDD50026362B /* Assets.xcassets */ = {isa = PBXFileReference; lastKnownFileType = folder.assetcatalog; path = Assets.xcassets; sourceTree = "<group>"; };
		3EDCD9B722E7EDD50026362B /* Base */ = {isa = PBXFileReference; lastKnownFileType = file.storyboard; name = Base; path = Base.lproj/LaunchScreen.storyboard; sourceTree = "<group>"; };
		3EDCD9B922E7EDD50026362B /* Info.plist */ = {isa = PBXFileReference; lastKnownFileType = text.plist.xml; path = Info.plist; sourceTree = "<group>"; };
		3EF9D61E22FA8071001DCF13 /* Item.swift */ = {isa = PBXFileReference; lastKnownFileType = sourcecode.swift; path = Item.swift; sourceTree = "<group>"; };
		3EF9D62022FA8085001DCF13 /* Category.swift */ = {isa = PBXFileReference; lastKnownFileType = sourcecode.swift; path = Category.swift; sourceTree = "<group>"; };
		5422DEF921FFEEDD125D7C54 /* Pods-Today.release.xcconfig */ = {isa = PBXFileReference; includeInIndex = 1; lastKnownFileType = text.xcconfig; name = "Pods-Today.release.xcconfig"; path = "Target Support Files/Pods-Today/Pods-Today.release.xcconfig"; sourceTree = "<group>"; };
		79B25D6CF3E58951FD94784B /* Pods_Today.framework */ = {isa = PBXFileReference; explicitFileType = wrapper.framework; includeInIndex = 0; path = Pods_Today.framework; sourceTree = BUILT_PRODUCTS_DIR; };
		CB326F3728AE28D0C1356E6F /* Pods-Today.debug.xcconfig */ = {isa = PBXFileReference; includeInIndex = 1; lastKnownFileType = text.xcconfig; name = "Pods-Today.debug.xcconfig"; path = "Target Support Files/Pods-Today/Pods-Today.debug.xcconfig"; sourceTree = "<group>"; };
/* End PBXFileReference section */

/* Begin PBXFrameworksBuildPhase section */
		3EDCD9A722E7EDD40026362B /* Frameworks */ = {
			isa = PBXFrameworksBuildPhase;
			buildActionMask = 2147483647;
			files = (
				15F6E89AD5C1F667A667C8B7 /* Pods_Today.framework in Frameworks */,
			);
			runOnlyForDeploymentPostprocessing = 0;
		};
/* End PBXFrameworksBuildPhase section */

/* Begin PBXGroup section */
		21AC9C989DF6380A00A2A370 /* Pods */ = {
			isa = PBXGroup;
			children = (
				CB326F3728AE28D0C1356E6F /* Pods-Today.debug.xcconfig */,
				5422DEF921FFEEDD125D7C54 /* Pods-Today.release.xcconfig */,
			);
			path = Pods;
			sourceTree = "<group>";
		};
		3EDCD9A122E7EDD40026362B = {
			isa = PBXGroup;
			children = (
				3EDCD9AC22E7EDD40026362B /* Today */,
				3EDCD9AB22E7EDD40026362B /* Products */,
				21AC9C989DF6380A00A2A370 /* Pods */,
				D86ACFBC82149E03BD1389CE /* Frameworks */,
			);
			sourceTree = "<group>";
		};
		3EDCD9AB22E7EDD40026362B /* Products */ = {
			isa = PBXGroup;
			children = (
				3EDCD9AA22E7EDD40026362B /* Today.app */,
			);
			name = Products;
			sourceTree = "<group>";
		};
		3EDCD9AC22E7EDD40026362B /* Today */ = {
			isa = PBXGroup;
			children = (
				3EDCD9AD22E7EDD40026362B /* AppDelegate.swift */,
				3EE38F3C22E8D3A000A0CB98 /* Model */,
				3EE38F3B22E8D38D00A0CB98 /* View */,
				3EE38F3A22E8D37500A0CB98 /* Controller */,
				3EDCD9B422E7EDD50026362B /* Assets.xcassets */,
				3EDCD9B622E7EDD50026362B /* LaunchScreen.storyboard */,
				3EDCD9B922E7EDD50026362B /* Info.plist */,
			);
			path = Today;
			sourceTree = "<group>";
		};
		3EE38F3A22E8D37500A0CB98 /* Controller */ = {
			isa = PBXGroup;
			children = (
				3EDCD9AF22E7EDD40026362B /* TodoListViewController.swift */,
				3EC3833A22F8159E00E94C87 /* CategoryViewController.swift */,
				3EC3833C22F815AD00E94C87 /* ItemSearchBarController.swift */,
				3EC3833E22F815B900E94C87 /* CategorySearchBarController.swift */,
				3EAB352E22FBDE9B002F984F /* SwipeTableViewController.swift */,
			);
			path = Controller;
			sourceTree = "<group>";
		};
		3EE38F3B22E8D38D00A0CB98 /* View */ = {
			isa = PBXGroup;
			children = (
				3EDCD9B122E7EDD40026362B /* Main.storyboard */,
			);
			path = View;
			sourceTree = "<group>";
		};
		3EE38F3C22E8D3A000A0CB98 /* Model */ = {
			isa = PBXGroup;
			children = (
				3EF9D61E22FA8071001DCF13 /* Item.swift */,
				3EF9D62022FA8085001DCF13 /* Category.swift */,
			);
			path = Model;
			sourceTree = "<group>";
		};
		D86ACFBC82149E03BD1389CE /* Frameworks */ = {
			isa = PBXGroup;
			children = (
				79B25D6CF3E58951FD94784B /* Pods_Today.framework */,
			);
			name = Frameworks;
			sourceTree = "<group>";
		};
/* End PBXGroup section */

/* Begin PBXNativeTarget section */
		3EDCD9A922E7EDD40026362B /* Today */ = {
			isa = PBXNativeTarget;
			buildConfigurationList = 3EDCD9BC22E7EDD50026362B /* Build configuration list for PBXNativeTarget "Today" */;
			buildPhases = (
				D17A6A1BB695ACD9150E81AF /* [CP] Check Pods Manifest.lock */,
				3EDCD9A622E7EDD40026362B /* Sources */,
				3EDCD9A722E7EDD40026362B /* Frameworks */,
				3EDCD9A822E7EDD40026362B /* Resources */,
				CD427F502F8456D1CDF8305F /* [CP] Embed Pods Frameworks */,
			);
			buildRules = (
			);
			dependencies = (
			);
			name = Today;
			productName = Today;
			productReference = 3EDCD9AA22E7EDD40026362B /* Today.app */;
			productType = "com.apple.product-type.application";
		};
/* End PBXNativeTarget section */

/* Begin PBXProject section */
		3EDCD9A222E7EDD40026362B /* Project object */ = {
			isa = PBXProject;
			attributes = {
				LastSwiftUpdateCheck = 1030;
				LastUpgradeCheck = 1030;
				ORGANIZATIONNAME = "Phúc Lý ";
				TargetAttributes = {
					3EDCD9A922E7EDD40026362B = {
						CreatedOnToolsVersion = 10.3;
					};
				};
			};
			buildConfigurationList = 3EDCD9A522E7EDD40026362B /* Build configuration list for PBXProject "Today" */;
			compatibilityVersion = "Xcode 9.3";
			developmentRegion = en;
			hasScannedForEncodings = 0;
			knownRegions = (
				en,
				Base,
			);
			mainGroup = 3EDCD9A122E7EDD40026362B;
			productRefGroup = 3EDCD9AB22E7EDD40026362B /* Products */;
			projectDirPath = "";
			projectRoot = "";
			targets = (
				3EDCD9A922E7EDD40026362B /* Today */,
			);
		};
/* End PBXProject section */

/* Begin PBXResourcesBuildPhase section */
		3EDCD9A822E7EDD40026362B /* Resources */ = {
			isa = PBXResourcesBuildPhase;
			buildActionMask = 2147483647;
			files = (
				3EDCD9B822E7EDD50026362B /* LaunchScreen.storyboard in Resources */,
				3EDCD9B522E7EDD50026362B /* Assets.xcassets in Resources */,
				3EDCD9B322E7EDD40026362B /* Main.storyboard in Resources */,
			);
			runOnlyForDeploymentPostprocessing = 0;
		};
/* End PBXResourcesBuildPhase section */

/* Begin PBXShellScriptBuildPhase section */
		CD427F502F8456D1CDF8305F /* [CP] Embed Pods Frameworks */ = {
			isa = PBXShellScriptBuildPhase;
			buildActionMask = 2147483647;
			files = (
			);
			inputFileListPaths = (
				"${PODS_ROOT}/Target Support Files/Pods-Today/Pods-Today-frameworks-${CONFIGURATION}-input-files.xcfilelist",
			);
			name = "[CP] Embed Pods Frameworks";
			outputFileListPaths = (
				"${PODS_ROOT}/Target Support Files/Pods-Today/Pods-Today-frameworks-${CONFIGURATION}-output-files.xcfilelist",
			);
			runOnlyForDeploymentPostprocessing = 0;
			shellPath = /bin/sh;
			shellScript = "\"${PODS_ROOT}/Target Support Files/Pods-Today/Pods-Today-frameworks.sh\"\n";
			showEnvVarsInLog = 0;
		};
		D17A6A1BB695ACD9150E81AF /* [CP] Check Pods Manifest.lock */ = {
			isa = PBXShellScriptBuildPhase;
			buildActionMask = 2147483647;
			files = (
			);
			inputFileListPaths = (
			);
			inputPaths = (
				"${PODS_PODFILE_DIR_PATH}/Podfile.lock",
				"${PODS_ROOT}/Manifest.lock",
			);
			name = "[CP] Check Pods Manifest.lock";
			outputFileListPaths = (
			);
			outputPaths = (
				"$(DERIVED_FILE_DIR)/Pods-Today-checkManifestLockResult.txt",
			);
			runOnlyForDeploymentPostprocessing = 0;
			shellPath = /bin/sh;
			shellScript = "diff \"${PODS_PODFILE_DIR_PATH}/Podfile.lock\" \"${PODS_ROOT}/Manifest.lock\" > /dev/null\nif [ $? != 0 ] ; then\n    # print error to STDERR\n    echo \"error: The sandbox is not in sync with the Podfile.lock. Run 'pod install' or update your CocoaPods installation.\" >&2\n    exit 1\nfi\n# This output is used by Xcode 'outputs' to avoid re-running this script phase.\necho \"SUCCESS\" > \"${SCRIPT_OUTPUT_FILE_0}\"\n";
			showEnvVarsInLog = 0;
		};
/* End PBXShellScriptBuildPhase section */

/* Begin PBXSourcesBuildPhase section */
		3EDCD9A622E7EDD40026362B /* Sources */ = {
			isa = PBXSourcesBuildPhase;
			buildActionMask = 2147483647;
			files = (
				3EC3833B22F8159E00E94C87 /* CategoryViewController.swift in Sources */,
				3EC3833F22F815B900E94C87 /* CategorySearchBarController.swift in Sources */,
				3EDCD9B022E7EDD40026362B /* TodoListViewController.swift in Sources */,
				3EAB352F22FBDE9B002F984F /* SwipeTableViewController.swift in Sources */,
				3EDCD9AE22E7EDD40026362B /* AppDelegate.swift in Sources */,
				3EF9D61F22FA8071001DCF13 /* Item.swift in Sources */,
				3EC3833D22F815AD00E94C87 /* ItemSearchBarController.swift in Sources */,
				3EF9D62122FA8085001DCF13 /* Category.swift in Sources */,
			);
			runOnlyForDeploymentPostprocessing = 0;
		};
/* End PBXSourcesBuildPhase section */

/* Begin PBXVariantGroup section */
		3EDCD9B122E7EDD40026362B /* Main.storyboard */ = {
			isa = PBXVariantGroup;
			children = (
				3EDCD9B222E7EDD40026362B /* Base */,
			);
			name = Main.storyboard;
			sourceTree = "<group>";
		};
		3EDCD9B622E7EDD50026362B /* LaunchScreen.storyboard */ = {
			isa = PBXVariantGroup;
			children = (
				3EDCD9B722E7EDD50026362B /* Base */,
			);
			name = LaunchScreen.storyboard;
			sourceTree = "<group>";
		};
/* End PBXVariantGroup section */

/* Begin XCBuildConfiguration section */
		3EDCD9BA22E7EDD50026362B /* Debug */ = {
			isa = XCBuildConfiguration;
			buildSettings = {
				ALWAYS_SEARCH_USER_PATHS = NO;
				CLANG_ANALYZER_NONNULL = YES;
				CLANG_ANALYZER_NUMBER_OBJECT_CONVERSION = YES_AGGRESSIVE;
				CLANG_CXX_LANGUAGE_STANDARD = "gnu++14";
				CLANG_CXX_LIBRARY = "libc++";
				CLANG_ENABLE_MODULES = YES;
				CLANG_ENABLE_OBJC_ARC = YES;
				CLANG_ENABLE_OBJC_WEAK = YES;
				CLANG_WARN_BLOCK_CAPTURE_AUTORELEASING = YES;
				CLANG_WARN_BOOL_CONVERSION = YES;
				CLANG_WARN_COMMA = YES;
				CLANG_WARN_CONSTANT_CONVERSION = YES;
				CLANG_WARN_DEPRECATED_OBJC_IMPLEMENTATIONS = YES;
				CLANG_WARN_DIRECT_OBJC_ISA_USAGE = YES_ERROR;
				CLANG_WARN_DOCUMENTATION_COMMENTS = YES;
				CLANG_WARN_EMPTY_BODY = YES;
				CLANG_WARN_ENUM_CONVERSION = YES;
				CLANG_WARN_INFINITE_RECURSION = YES;
				CLANG_WARN_INT_CONVERSION = YES;
				CLANG_WARN_NON_LITERAL_NULL_CONVERSION = YES;
				CLANG_WARN_OBJC_IMPLICIT_RETAIN_SELF = YES;
				CLANG_WARN_OBJC_LITERAL_CONVERSION = YES;
				CLANG_WARN_OBJC_ROOT_CLASS = YES_ERROR;
				CLANG_WARN_RANGE_LOOP_ANALYSIS = YES;
				CLANG_WARN_STRICT_PROTOTYPES = YES;
				CLANG_WARN_SUSPICIOUS_MOVE = YES;
				CLANG_WARN_UNGUARDED_AVAILABILITY = YES_AGGRESSIVE;
				CLANG_WARN_UNREACHABLE_CODE = YES;
				CLANG_WARN__DUPLICATE_METHOD_MATCH = YES;
				CODE_SIGN_IDENTITY = "iPhone Developer";
				COPY_PHASE_STRIP = NO;
				DEBUG_INFORMATION_FORMAT = dwarf;
				ENABLE_STRICT_OBJC_MSGSEND = YES;
				ENABLE_TESTABILITY = YES;
				GCC_C_LANGUAGE_STANDARD = gnu11;
				GCC_DYNAMIC_NO_PIC = NO;
				GCC_NO_COMMON_BLOCKS = YES;
				GCC_OPTIMIZATION_LEVEL = 0;
				GCC_PREPROCESSOR_DEFINITIONS = (
					"DEBUG=1",
					"$(inherited)",
				);
				GCC_WARN_64_TO_32_BIT_CONVERSION = YES;
				GCC_WARN_ABOUT_RETURN_TYPE = YES_ERROR;
				GCC_WARN_UNDECLARED_SELECTOR = YES;
				GCC_WARN_UNINITIALIZED_AUTOS = YES_AGGRESSIVE;
				GCC_WARN_UNUSED_FUNCTION = YES;
				GCC_WARN_UNUSED_VARIABLE = YES;
				IPHONEOS_DEPLOYMENT_TARGET = 12.4;
				MTL_ENABLE_DEBUG_INFO = INCLUDE_SOURCE;
				MTL_FAST_MATH = YES;
				ONLY_ACTIVE_ARCH = YES;
				SDKROOT = iphoneos;
				SWIFT_ACTIVE_COMPILATION_CONDITIONS = DEBUG;
				SWIFT_OPTIMIZATION_LEVEL = "-Onone";
			};
			name = Debug;
		};
		3EDCD9BB22E7EDD50026362B /* Release */ = {
			isa = XCBuildConfiguration;
			buildSettings = {
				ALWAYS_SEARCH_USER_PATHS = NO;
				CLANG_ANALYZER_NONNULL = YES;
				CLANG_ANALYZER_NUMBER_OBJECT_CONVERSION = YES_AGGRESSIVE;
				CLANG_CXX_LANGUAGE_STANDARD = "gnu++14";
				CLANG_CXX_LIBRARY = "libc++";
				CLANG_ENABLE_MODULES = YES;
				CLANG_ENABLE_OBJC_ARC = YES;
				CLANG_ENABLE_OBJC_WEAK = YES;
				CLANG_WARN_BLOCK_CAPTURE_AUTORELEASING = YES;
				CLANG_WARN_BOOL_CONVERSION = YES;
				CLANG_WARN_COMMA = YES;
				CLANG_WARN_CONSTANT_CONVERSION = YES;
				CLANG_WARN_DEPRECATED_OBJC_IMPLEMENTATIONS = YES;
				CLANG_WARN_DIRECT_OBJC_ISA_USAGE = YES_ERROR;
				CLANG_WARN_DOCUMENTATION_COMMENTS = YES;
				CLANG_WARN_EMPTY_BODY = YES;
				CLANG_WARN_ENUM_CONVERSION = YES;
				CLANG_WARN_INFINITE_RECURSION = YES;
				CLANG_WARN_INT_CONVERSION = YES;
				CLANG_WARN_NON_LITERAL_NULL_CONVERSION = YES;
				CLANG_WARN_OBJC_IMPLICIT_RETAIN_SELF = YES;
				CLANG_WARN_OBJC_LITERAL_CONVERSION = YES;
				CLANG_WARN_OBJC_ROOT_CLASS = YES_ERROR;
				CLANG_WARN_RANGE_LOOP_ANALYSIS = YES;
				CLANG_WARN_STRICT_PROTOTYPES = YES;
				CLANG_WARN_SUSPICIOUS_MOVE = YES;
				CLANG_WARN_UNGUARDED_AVAILABILITY = YES_AGGRESSIVE;
				CLANG_WARN_UNREACHABLE_CODE = YES;
				CLANG_WARN__DUPLICATE_METHOD_MATCH = YES;
				CODE_SIGN_IDENTITY = "iPhone Developer";
				COPY_PHASE_STRIP = NO;
				DEBUG_INFORMATION_FORMAT = "dwarf-with-dsym";
				ENABLE_NS_ASSERTIONS = NO;
				ENABLE_STRICT_OBJC_MSGSEND = YES;
				GCC_C_LANGUAGE_STANDARD = gnu11;
				GCC_NO_COMMON_BLOCKS = YES;
				GCC_WARN_64_TO_32_BIT_CONVERSION = YES;
				GCC_WARN_ABOUT_RETURN_TYPE = YES_ERROR;
				GCC_WARN_UNDECLARED_SELECTOR = YES;
				GCC_WARN_UNINITIALIZED_AUTOS = YES_AGGRESSIVE;
				GCC_WARN_UNUSED_FUNCTION = YES;
				GCC_WARN_UNUSED_VARIABLE = YES;
				IPHONEOS_DEPLOYMENT_TARGET = 12.4;
				MTL_ENABLE_DEBUG_INFO = NO;
				MTL_FAST_MATH = YES;
				SDKROOT = iphoneos;
				SWIFT_COMPILATION_MODE = wholemodule;
				SWIFT_OPTIMIZATION_LEVEL = "-O";
				VALIDATE_PRODUCT = YES;
			};
			name = Release;
		};
		3EDCD9BD22E7EDD50026362B /* Debug */ = {
			isa = XCBuildConfiguration;
			baseConfigurationReference = CB326F3728AE28D0C1356E6F /* Pods-Today.debug.xcconfig */;
			buildSettings = {
				ASSETCATALOG_COMPILER_APPICON_NAME = AppIcon;
				CODE_SIGN_STYLE = Automatic;
				DEVELOPMENT_TEAM = VXWH8X93WN;
				INFOPLIST_FILE = Today/Info.plist;
				IPHONEOS_DEPLOYMENT_TARGET = 10.3;
				LD_RUNPATH_SEARCH_PATHS = (
					"$(inherited)",
					"@executable_path/Frameworks",
				);
				PRODUCT_BUNDLE_IDENTIFIER = phucly.Today;
				PRODUCT_NAME = "$(TARGET_NAME)";
				SWIFT_VERSION = 5.0;
				TARGETED_DEVICE_FAMILY = "1,2";
			};
			name = Debug;
		};
		3EDCD9BE22E7EDD50026362B /* Release */ = {
			isa = XCBuildConfiguration;
			baseConfigurationReference = 5422DEF921FFEEDD125D7C54 /* Pods-Today.release.xcconfig */;
			buildSettings = {
				ASSETCATALOG_COMPILER_APPICON_NAME = AppIcon;
				CODE_SIGN_STYLE = Automatic;
				DEVELOPMENT_TEAM = VXWH8X93WN;
				INFOPLIST_FILE = Today/Info.plist;
				IPHONEOS_DEPLOYMENT_TARGET = 10.3;
				LD_RUNPATH_SEARCH_PATHS = (
					"$(inherited)",
					"@executable_path/Frameworks",
				);
				PRODUCT_BUNDLE_IDENTIFIER = phucly.Today;
				PRODUCT_NAME = "$(TARGET_NAME)";
				SWIFT_VERSION = 5.0;
				TARGETED_DEVICE_FAMILY = "1,2";
			};
			name = Release;
		};
/* End XCBuildConfiguration section */

/* Begin XCConfigurationList section */
		3EDCD9A522E7EDD40026362B /* Build configuration list for PBXProject "Today" */ = {
			isa = XCConfigurationList;
			buildConfigurations = (
				3EDCD9BA22E7EDD50026362B /* Debug */,
				3EDCD9BB22E7EDD50026362B /* Release */,
			);
			defaultConfigurationIsVisible = 0;
			defaultConfigurationName = Release;
		};
		3EDCD9BC22E7EDD50026362B /* Build configuration list for PBXNativeTarget "Today" */ = {
			isa = XCConfigurationList;
			buildConfigurations = (
				3EDCD9BD22E7EDD50026362B /* Debug */,
				3EDCD9BE22E7EDD50026362B /* Release */,
			);
			defaultConfigurationIsVisible = 0;
			defaultConfigurationName = Release;
		};
/* End XCConfigurationList section */
	};
	rootObject = 3EDCD9A222E7EDD40026362B /* Project object */;
}
